
Microsoft Visual Studio Solution File, Format Version 12.00
# Visual Studio Version 17
VisualStudioVersion = 17.7.34003.232
MinimumVisualStudioVersion = 10.0.40219.1
Project("{FAE04EC0-301F-11D3-BF4B-00C04F79EFBC}") = "API", "API\API.csproj", "{66335D7E-B27E-4BE4-9BA5-1F1317E3EEA7}"
EndProject
Global
	GlobalSection(SolutionConfigurationPlatforms) = preSolution
		Debug|Any CPU = Debug|Any CPU
		Release|Any CPU = Release|Any CPU
	EndGlobalSection
	GlobalSection(ProjectConfigurationPlatforms) = postSolution
		{66335D7E-B27E-4BE4-9BA5-1F1317E3EEA7}.Debug|Any CPU.ActiveCfg = Debug|Any CPU
		{66335D7E-B27E-4BE4-9BA5-1F1317E3EEA7}.Debug|Any CPU.Build.0 = Debug|Any CPU
		{66335D7E-B27E-4BE4-9BA5-1F1317E3EEA7}.Release|Any CPU.ActiveCfg = Release|Any CPU
		{66335D7E-B27E-4BE4-9BA5-1F1317E3EEA7}.Release|Any CPU.Build.0 = Release|Any CPU
	EndGlobalSection
	GlobalSection(SolutionProperties) = preSolution
		HideSolutionNode = FALSE
	EndGlobalSection
	GlobalSection(ExtensibilityGlobals) = postSolution
		SolutionGuid = {D316E533-18AA-47E9-B8EC-607CB2A27B67}
	EndGlobalSection
EndGlobal
